PODS:
  - Alamofire (5.9.1)
  - FSCalendar (2.8.4)
  - KakaoSDKAuth (2.15.0):
    - KakaoSDKCommon (= 2.15.0)
  - KakaoSDKCommon (2.15.0):
    - KakaoSDKCommon/Common (= 2.15.0)
    - KakaoSDKCommon/Network (= 2.15.0)
  - KakaoSDKCommon/Common (2.15.0)
  - KakaoSDKCommon/Network (2.15.0):
    - Alamofire (~> 5.1)
    - KakaoSDKCommon/Common (= 2.15.0)
  - KakaoSDKUser (2.15.0):
    - KakaoSDKAuth (= 2.15.0)

DEPENDENCIES:
  - Alamofire
  - FSCalendar
  - KakaoSDKAuth
  - KakaoSDKCommon
  - KakaoSDKUser

SPEC REPOS:
  trunk:
    - Alamofire
    - FSCalendar
    - KakaoSDKAuth
    - KakaoSDKCommon
    - KakaoSDKUser

SPEC CHECKSUMS:
  Alamofire: f36a35757af4587d8e4f4bfa223ad10be2422b8c
  FSCalendar: 2d1d0d9398f12d439f55c1fe0f01525b151b8260
  KakaoSDKAuth: 0fe5cf1756e8a9f66f8fc77826061aafa93034f3
  KakaoSDKCommon: 89d863b7f34398e6fb93a0acb28a204908551a39
  KakaoSDKUser: a997ca5c4c18ece2ab30646ff74841bc29d4399d

PODFILE CHECKSUM: cd7cf3dff446e7854024dc54ba9acb80da86e44b

COCOAPODS: 1.15.2
