// !$*UTF8*$!
{
	archiveVersion = 1;
	classes = {
	};
	objectVersion = 56;
	objects = {

/* Begin PBXBuildFile section */
		232B79122C47E278001D2934 /* LoginViewController.swift in Sources */ = {isa = PBXBuildFile; fileRef = 232B79112C47E278001D2934 /* LoginViewController.swift */; };
		23E51D6F2C466B6B0099C44B /* AppDelegate.swift in Sources */ = {isa = PBXBuildFile; fileRef = 23E51D6E2C466B6B0099C44B /* AppDelegate.swift */; };
		23E51D712C466B6B0099C44B /* SceneDelegate.swift in Sources */ = {isa = PBXBuildFile; fileRef = 23E51D702C466B6B0099C44B /* SceneDelegate.swift */; };
		23E51D762C466B6B0099C44B /* Base in Resources */ = {isa = PBXBuildFile; fileRef = 23E51D752C466B6B0099C44B /* Base */; };
		23E51D782C466B6C0099C44B /* Assets.xcassets in Resources */ = {isa = PBXBuildFile; fileRef = 23E51D772C466B6C0099C44B /* Assets.xcassets */; };
		23E51D7B2C466B6C0099C44B /* Base in Resources */ = {isa = PBXBuildFile; fileRef = 23E51D7A2C466B6C0099C44B /* Base */; };
		23E51D8E2C4678580099C44B /* Pretendard-ExtraLight.otf in Resources */ = {isa = PBXBuildFile; fileRef = 23E51D852C4678560099C44B /* Pretendard-ExtraLight.otf */; };
		23E51D8F2C4678580099C44B /* Pretendard-Black.otf in Resources */ = {isa = PBXBuildFile; fileRef = 23E51D862C4678560099C44B /* Pretendard-Black.otf */; };
		23E51D902C4678580099C44B /* Pretendard-ExtraBold.otf in Resources */ = {isa = PBXBuildFile; fileRef = 23E51D872C4678570099C44B /* Pretendard-ExtraBold.otf */; };
		23E51D912C4678580099C44B /* Pretendard-Medium.otf in Resources */ = {isa = PBXBuildFile; fileRef = 23E51D882C4678570099C44B /* Pretendard-Medium.otf */; };
		23E51D922C4678580099C44B /* Pretendard-Thin.otf in Resources */ = {isa = PBXBuildFile; fileRef = 23E51D892C4678570099C44B /* Pretendard-Thin.otf */; };
		23E51D932C4678580099C44B /* Pretendard-Regular.otf in Resources */ = {isa = PBXBuildFile; fileRef = 23E51D8A2C4678570099C44B /* Pretendard-Regular.otf */; };
		23E51D942C4678580099C44B /* Pretendard-Bold.otf in Resources */ = {isa = PBXBuildFile; fileRef = 23E51D8B2C4678570099C44B /* Pretendard-Bold.otf */; };
		23E51D952C4678580099C44B /* Pretendard-Light.otf in Resources */ = {isa = PBXBuildFile; fileRef = 23E51D8C2C4678580099C44B /* Pretendard-Light.otf */; };
		23E51D962C4678580099C44B /* Pretendard-SemiBold.otf in Resources */ = {isa = PBXBuildFile; fileRef = 23E51D8D2C4678580099C44B /* Pretendard-SemiBold.otf */; };
		23E51D982C46DD210099C44B /* CustomTabBarController.swift in Sources */ = {isa = PBXBuildFile; fileRef = 23E51D972C46DD210099C44B /* CustomTabBarController.swift */; };
/* End PBXBuildFile section */

/* Begin PBXFileReference section */
		232B79112C47E278001D2934 /* LoginViewController.swift */ = {isa = PBXFileReference; lastKnownFileType = sourcecode.swift; path = LoginViewController.swift; sourceTree = "<group>"; };
		23E51D6B2C466B6B0099C44B /* FocusUp.app */ = {isa = PBXFileReference; explicitFileType = wrapper.application; includeInIndex = 0; path = FocusUp.app; sourceTree = BUILT_PRODUCTS_DIR; };
		23E51D6E2C466B6B0099C44B /* AppDelegate.swift */ = {isa = PBXFileReference; lastKnownFileType = sourcecode.swift; path = AppDelegate.swift; sourceTree = "<group>"; };
		23E51D702C466B6B0099C44B /* SceneDelegate.swift */ = {isa = PBXFileReference; lastKnownFileType = sourcecode.swift; path = SceneDelegate.swift; sourceTree = "<group>"; };
		23E51D752C466B6B0099C44B /* Base */ = {isa = PBXFileReference; lastKnownFileType = file.storyboard; name = Base; path = Base.lproj/Main.storyboard; sourceTree = "<group>"; };
		23E51D772C466B6C0099C44B /* Assets.xcassets */ = {isa = PBXFileReference; lastKnownFileType = folder.assetcatalog; path = Assets.xcassets; sourceTree = "<group>"; };
		23E51D7A2C466B6C0099C44B /* Base */ = {isa = PBXFileReference; lastKnownFileType = file.storyboard; name = Base; path = Base.lproj/LaunchScreen.storyboard; sourceTree = "<group>"; };
		23E51D7C2C466B6C0099C44B /* Info.plist */ = {isa = PBXFileReference; lastKnownFileType = text.plist.xml; path = Info.plist; sourceTree = "<group>"; };
		23E51D852C4678560099C44B /* Pretendard-ExtraLight.otf */ = {isa = PBXFileReference; lastKnownFileType = file; path = "Pretendard-ExtraLight.otf"; sourceTree = "<group>"; };
		23E51D862C4678560099C44B /* Pretendard-Black.otf */ = {isa = PBXFileReference; lastKnownFileType = file; path = "Pretendard-Black.otf"; sourceTree = "<group>"; };
		23E51D872C4678570099C44B /* Pretendard-ExtraBold.otf */ = {isa = PBXFileReference; lastKnownFileType = file; path = "Pretendard-ExtraBold.otf"; sourceTree = "<group>"; };
		23E51D882C4678570099C44B /* Pretendard-Medium.otf */ = {isa = PBXFileReference; lastKnownFileType = file; path = "Pretendard-Medium.otf"; sourceTree = "<group>"; };
		23E51D892C4678570099C44B /* Pretendard-Thin.otf */ = {isa = PBXFileReference; lastKnownFileType = file; path = "Pretendard-Thin.otf"; sourceTree = "<group>"; };
		23E51D8A2C4678570099C44B /* Pretendard-Regular.otf */ = {isa = PBXFileReference; lastKnownFileType = file; path = "Pretendard-Regular.otf"; sourceTree = "<group>"; };
		23E51D8B2C4678570099C44B /* Pretendard-Bold.otf */ = {isa = PBXFileReference; lastKnownFileType = file; path = "Pretendard-Bold.otf"; sourceTree = "<group>"; };
		23E51D8C2C4678580099C44B /* Pretendard-Light.otf */ = {isa = PBXFileReference; lastKnownFileType = file; path = "Pretendard-Light.otf"; sourceTree = "<group>"; };
		23E51D8D2C4678580099C44B /* Pretendard-SemiBold.otf */ = {isa = PBXFileReference; lastKnownFileType = file; path = "Pretendard-SemiBold.otf"; sourceTree = "<group>"; };
		23E51D972C46DD210099C44B /* CustomTabBarController.swift */ = {isa = PBXFileReference; lastKnownFileType = sourcecode.swift; path = CustomTabBarController.swift; sourceTree = "<group>"; };
/* End PBXFileReference section */

/* Begin PBXFrameworksBuildPhase section */
		23E51D682C466B6B0099C44B /* Frameworks */ = {
			isa = PBXFrameworksBuildPhase;
			buildActionMask = 2147483647;
			files = (
			);
			runOnlyForDeploymentPostprocessing = 0;
		};
/* End PBXFrameworksBuildPhase section */

/* Begin PBXGroup section */
		23E51D622C466B6B0099C44B = {
			isa = PBXGroup;
			children = (
				23E51D6D2C466B6B0099C44B /* FocusUp */,
				23E51D6C2C466B6B0099C44B /* Products */,
			);
			sourceTree = "<group>";
		};
		23E51D6C2C466B6B0099C44B /* Products */ = {
			isa = PBXGroup;
			children = (
				23E51D6B2C466B6B0099C44B /* FocusUp.app */,
			);
			name = Products;
			sourceTree = "<group>";
		};
		23E51D6D2C466B6B0099C44B /* FocusUp */ = {
			isa = PBXGroup;
			children = (
				23E51D842C46783B0099C44B /* Fonts */,
				23E51D6E2C466B6B0099C44B /* AppDelegate.swift */,
				23E51D702C466B6B0099C44B /* SceneDelegate.swift */,
				23E51D742C466B6B0099C44B /* Main.storyboard */,
				232B79112C47E278001D2934 /* LoginViewController.swift */,
				23E51D992C46DD2F0099C44B /* NavBar */,
				23E51D772C466B6C0099C44B /* Assets.xcassets */,
				23E51D792C466B6C0099C44B /* LaunchScreen.storyboard */,
				23E51D7C2C466B6C0099C44B /* Info.plist */,
			);
			path = FocusUp;
			sourceTree = "<group>";
		};
		23E51D842C46783B0099C44B /* Fonts */ = {
			isa = PBXGroup;
			children = (
				23E51D862C4678560099C44B /* Pretendard-Black.otf */,
				23E51D8B2C4678570099C44B /* Pretendard-Bold.otf */,
				23E51D872C4678570099C44B /* Pretendard-ExtraBold.otf */,
				23E51D852C4678560099C44B /* Pretendard-ExtraLight.otf */,
				23E51D8C2C4678580099C44B /* Pretendard-Light.otf */,
				23E51D882C4678570099C44B /* Pretendard-Medium.otf */,
				23E51D8A2C4678570099C44B /* Pretendard-Regular.otf */,
				23E51D8D2C4678580099C44B /* Pretendard-SemiBold.otf */,
				23E51D892C4678570099C44B /* Pretendard-Thin.otf */,
			);
			path = Fonts;
			sourceTree = "<group>";
		};
		23E51D992C46DD2F0099C44B /* NavBar */ = {
			isa = PBXGroup;
			children = (
				23E51D972C46DD210099C44B /* CustomTabBarController.swift */,
			);
			path = NavBar;
			sourceTree = "<group>";
		};
/* End PBXGroup section */

/* Begin PBXNativeTarget section */
		23E51D6A2C466B6B0099C44B /* FocusUp */ = {
			isa = PBXNativeTarget;
			buildConfigurationList = 23E51D7F2C466B6C0099C44B /* Build configuration list for PBXNativeTarget "FocusUp" */;
			buildPhases = (
				23E51D672C466B6B0099C44B /* Sources */,
				23E51D682C466B6B0099C44B /* Frameworks */,
				23E51D692C466B6B0099C44B /* Resources */,
			);
			buildRules = (
			);
			dependencies = (
			);
			name = FocusUp;
			productName = FocusUp;
			productReference = 23E51D6B2C466B6B0099C44B /* FocusUp.app */;
			productType = "com.apple.product-type.application";
		};
/* End PBXNativeTarget section */

/* Begin PBXProject section */
		23E51D632C466B6B0099C44B /* Project object */ = {
			isa = PBXProject;
			attributes = {
				BuildIndependentTargetsInParallel = 1;
				LastSwiftUpdateCheck = 1540;
				LastUpgradeCheck = 1540;
				TargetAttributes = {
					23E51D6A2C466B6B0099C44B = {
						CreatedOnToolsVersion = 15.4;
					};
				};
			};
			buildConfigurationList = 23E51D662C466B6B0099C44B /* Build configuration list for PBXProject "FocusUp" */;
			compatibilityVersion = "Xcode 14.0";
			developmentRegion = en;
			hasScannedForEncodings = 0;
			knownRegions = (
				en,
				Base,
			);
			mainGroup = 23E51D622C466B6B0099C44B;
			productRefGroup = 23E51D6C2C466B6B0099C44B /* Products */;
			projectDirPath = "";
			projectRoot = "";
			targets = (
				23E51D6A2C466B6B0099C44B /* FocusUp */,
			);
		};
/* End PBXProject section */

/* Begin PBXResourcesBuildPhase section */
		23E51D692C466B6B0099C44B /* Resources */ = {
			isa = PBXResourcesBuildPhase;
			buildActionMask = 2147483647;
			files = (
				23E51D912C4678580099C44B /* Pretendard-Medium.otf in Resources */,
				23E51D942C4678580099C44B /* Pretendard-Bold.otf in Resources */,
				23E51D782C466B6C0099C44B /* Assets.xcassets in Resources */,
				23E51D962C4678580099C44B /* Pretendard-SemiBold.otf in Resources */,
				23E51D7B2C466B6C0099C44B /* Base in Resources */,
				23E51D922C4678580099C44B /* Pretendard-Thin.otf in Resources */,
				23E51D952C4678580099C44B /* Pretendard-Light.otf in Resources */,
				23E51D932C4678580099C44B /* Pretendard-Regular.otf in Resources */,
				23E51D902C4678580099C44B /* Pretendard-ExtraBold.otf in Resources */,
				23E51D8E2C4678580099C44B /* Pretendard-ExtraLight.otf in Resources */,
				23E51D762C466B6B0099C44B /* Base in Resources */,
				23E51D8F2C4678580099C44B /* Pretendard-Black.otf in Resources */,
			);
			runOnlyForDeploymentPostprocessing = 0;
		};
/* End PBXResourcesBuildPhase section */

/* Begin PBXSourcesBuildPhase section */
		23E51D672C466B6B0099C44B /* Sources */ = {
			isa = PBXSourcesBuildPhase;
			buildActionMask = 2147483647;
			files = (
				232B79122C47E278001D2934 /* LoginViewController.swift in Sources */,
				23E51D6F2C466B6B0099C44B /* AppDelegate.swift in Sources */,
				23E51D712C466B6B0099C44B /* SceneDelegate.swift in Sources */,
				23E51D982C46DD210099C44B /* CustomTabBarController.swift in Sources */,
			);
			runOnlyForDeploymentPostprocessing = 0;
		};
/* End PBXSourcesBuildPhase section */

/* Begin PBXVariantGroup section */
		23E51D742C466B6B0099C44B /* Main.storyboard */ = {
			isa = PBXVariantGroup;
			children = (
				23E51D752C466B6B0099C44B /* Base */,
			);
			name = Main.storyboard;
			sourceTree = "<group>";
		};
		23E51D792C466B6C0099C44B /* LaunchScreen.storyboard */ = {
			isa = PBXVariantGroup;
			children = (
				23E51D7A2C466B6C0099C44B /* Base */,
			);
			name = LaunchScreen.storyboard;
			sourceTree = "<group>";
		};
/* End PBXVariantGroup section */

/* Begin XCBuildConfiguration section */
		23E51D7D2C466B6C0099C44B /* Debug */ = {
			isa = XCBuildConfiguration;
			buildSettings = {
				ALWAYS_SEARCH_USER_PATHS = NO;
				ASSETCATALOG_COMPILER_GENERATE_SWIFT_ASSET_SYMBOL_EXTENSIONS = YES;
				CLANG_ANALYZER_NONNULL = YES;
				CLANG_ANALYZER_NUMBER_OBJECT_CONVERSION = YES_AGGRESSIVE;
				CLANG_CXX_LANGUAGE_STANDARD = "gnu++20";
				CLANG_ENABLE_MODULES = YES;
				CLANG_ENABLE_OBJC_ARC = YES;
				CLANG_ENABLE_OBJC_WEAK = YES;
				CLANG_WARN_BLOCK_CAPTURE_AUTORELEASING = YES;
				CLANG_WARN_BOOL_CONVERSION = YES;
				CLANG_WARN_COMMA = YES;
				CLANG_WARN_CONSTANT_CONVERSION = YES;
				CLANG_WARN_DEPRECATED_OBJC_IMPLEMENTATIONS = YES;
				CLANG_WARN_DIRECT_OBJC_ISA_USAGE = YES_ERROR;
				CLANG_WARN_DOCUMENTATION_COMMENTS = YES;
				CLANG_WARN_EMPTY_BODY = YES;
				CLANG_WARN_ENUM_CONVERSION = YES;
				CLANG_WARN_INFINITE_RECURSION = YES;
				CLANG_WARN_INT_CONVERSION = YES;
				CLANG_WARN_NON_LITERAL_NULL_CONVERSION = YES;
				CLANG_WARN_OBJC_IMPLICIT_RETAIN_SELF = YES;
				CLANG_WARN_OBJC_LITERAL_CONVERSION = YES;
				CLANG_WARN_OBJC_ROOT_CLASS = YES_ERROR;
				CLANG_WARN_QUOTED_INCLUDE_IN_FRAMEWORK_HEADER = YES;
				CLANG_WARN_RANGE_LOOP_ANALYSIS = YES;
				CLANG_WARN_STRICT_PROTOTYPES = YES;
				CLANG_WARN_SUSPICIOUS_MOVE = YES;
				CLANG_WARN_UNGUARDED_AVAILABILITY = YES_AGGRESSIVE;
				CLANG_WARN_UNREACHABLE_CODE = YES;
				CLANG_WARN__DUPLICATE_METHOD_MATCH = YES;
				COPY_PHASE_STRIP = NO;
				DEBUG_INFORMATION_FORMAT = dwarf;
				ENABLE_STRICT_OBJC_MSGSEND = YES;
				ENABLE_TESTABILITY = YES;
				ENABLE_USER_SCRIPT_SANDBOXING = YES;
				GCC_C_LANGUAGE_STANDARD = gnu17;
				GCC_DYNAMIC_NO_PIC = NO;
				GCC_NO_COMMON_BLOCKS = YES;
				GCC_OPTIMIZATION_LEVEL = 0;
				GCC_PREPROCESSOR_DEFINITIONS = (
					"DEBUG=1",
					"$(inherited)",
				);
				GCC_WARN_64_TO_32_BIT_CONVERSION = YES;
				GCC_WARN_ABOUT_RETURN_TYPE = YES_ERROR;
				GCC_WARN_UNDECLARED_SELECTOR = YES;
				GCC_WARN_UNINITIALIZED_AUTOS = YES_AGGRESSIVE;
				GCC_WARN_UNUSED_FUNCTION = YES;
				GCC_WARN_UNUSED_VARIABLE = YES;
				IPHONEOS_DEPLOYMENT_TARGET = 17.4;
				LOCALIZATION_PREFERS_STRING_CATALOGS = YES;
				MTL_ENABLE_DEBUG_INFO = INCLUDE_SOURCE;
				MTL_FAST_MATH = YES;
				ONLY_ACTIVE_ARCH = YES;
				SDKROOT = iphoneos;
				SWIFT_ACTIVE_COMPILATION_CONDITIONS = "DEBUG $(inherited)";
				SWIFT_OPTIMIZATION_LEVEL = "-Onone";
			};
			name = Debug;
		};
		23E51D7E2C466B6C0099C44B /* Release */ = {
			isa = XCBuildConfiguration;
			buildSettings = {
				ALWAYS_SEARCH_USER_PATHS = NO;
				ASSETCATALOG_COMPILER_GENERATE_SWIFT_ASSET_SYMBOL_EXTENSIONS = YES;
				CLANG_ANALYZER_NONNULL = YES;
				CLANG_ANALYZER_NUMBER_OBJECT_CONVERSION = YES_AGGRESSIVE;
				CLANG_CXX_LANGUAGE_STANDARD = "gnu++20";
				CLANG_ENABLE_MODULES = YES;
				CLANG_ENABLE_OBJC_ARC = YES;
				CLANG_ENABLE_OBJC_WEAK = YES;
				CLANG_WARN_BLOCK_CAPTURE_AUTORELEASING = YES;
				CLANG_WARN_BOOL_CONVERSION = YES;
				CLANG_WARN_COMMA = YES;
				CLANG_WARN_CONSTANT_CONVERSION = YES;
				CLANG_WARN_DEPRECATED_OBJC_IMPLEMENTATIONS = YES;
				CLANG_WARN_DIRECT_OBJC_ISA_USAGE = YES_ERROR;
				CLANG_WARN_DOCUMENTATION_COMMENTS = YES;
				CLANG_WARN_EMPTY_BODY = YES;
				CLANG_WARN_ENUM_CONVERSION = YES;
				CLANG_WARN_INFINITE_RECURSION = YES;
				CLANG_WARN_INT_CONVERSION = YES;
				CLANG_WARN_NON_LITERAL_NULL_CONVERSION = YES;
				CLANG_WARN_OBJC_IMPLICIT_RETAIN_SELF = YES;
				CLANG_WARN_OBJC_LITERAL_CONVERSION = YES;
				CLANG_WARN_OBJC_ROOT_CLASS = YES_ERROR;
				CLANG_WARN_QUOTED_INCLUDE_IN_FRAMEWORK_HEADER = YES;
				CLANG_WARN_RANGE_LOOP_ANALYSIS = YES;
				CLANG_WARN_STRICT_PROTOTYPES = YES;
				CLANG_WARN_SUSPICIOUS_MOVE = YES;
				CLANG_WARN_UNGUARDED_AVAILABILITY = YES_AGGRESSIVE;
				CLANG_WARN_UNREACHABLE_CODE = YES;
				CLANG_WARN__DUPLICATE_METHOD_MATCH = YES;
				COPY_PHASE_STRIP = NO;
				DEBUG_INFORMATION_FORMAT = "dwarf-with-dsym";
				ENABLE_NS_ASSERTIONS = NO;
				ENABLE_STRICT_OBJC_MSGSEND = YES;
				ENABLE_USER_SCRIPT_SANDBOXING = YES;
				GCC_C_LANGUAGE_STANDARD = gnu17;
				GCC_NO_COMMON_BLOCKS = YES;
				GCC_WARN_64_TO_32_BIT_CONVERSION = YES;
				GCC_WARN_ABOUT_RETURN_TYPE = YES_ERROR;
				GCC_WARN_UNDECLARED_SELECTOR = YES;
				GCC_WARN_UNINITIALIZED_AUTOS = YES_AGGRESSIVE;
				GCC_WARN_UNUSED_FUNCTION = YES;
				GCC_WARN_UNUSED_VARIABLE = YES;
				IPHONEOS_DEPLOYMENT_TARGET = 17.4;
				LOCALIZATION_PREFERS_STRING_CATALOGS = YES;
				MTL_ENABLE_DEBUG_INFO = NO;
				MTL_FAST_MATH = YES;
				SDKROOT = iphoneos;
				SWIFT_COMPILATION_MODE = wholemodule;
				VALIDATE_PRODUCT = YES;
			};
			name = Release;
		};
		23E51D802C466B6C0099C44B /* Debug */ = {
			isa = XCBuildConfiguration;
			buildSettings = {
				ASSETCATALOG_COMPILER_APPICON_NAME = AppIcon;
				ASSETCATALOG_COMPILER_GLOBAL_ACCENT_COLOR_NAME = AccentColor;
				CODE_SIGN_STYLE = Automatic;
				CURRENT_PROJECT_VERSION = 1;
				DEVELOPMENT_TEAM = "";
				GENERATE_INFOPLIST_FILE = YES;
				INFOPLIST_FILE = FocusUp/Info.plist;
				INFOPLIST_KEY_UIApplicationSupportsIndirectInputEvents = YES;
				INFOPLIST_KEY_UILaunchStoryboardName = LaunchScreen;
				INFOPLIST_KEY_UIMainStoryboardFile = Main;
				INFOPLIST_KEY_UISupportedInterfaceOrientations_iPad = "UIInterfaceOrientationPortrait UIInterfaceOrientationPortraitUpsideDown UIInterfaceOrientationLandscapeLeft UIInterfaceOrientationLandscapeRight";
				INFOPLIST_KEY_UISupportedInterfaceOrientations_iPhone = "UIInterfaceOrientationPortrait UIInterfaceOrientationLandscapeLeft UIInterfaceOrientationLandscapeRight";
				LD_RUNPATH_SEARCH_PATHS = (
					"$(inherited)",
					"@executable_path/Frameworks",
				);
				MARKETING_VERSION = 1.0;
				PRODUCT_BUNDLE_IDENTIFIER = UMC.FocusUp;
				PRODUCT_NAME = "$(TARGET_NAME)";
				SWIFT_EMIT_LOC_STRINGS = YES;
				SWIFT_VERSION = 5.0;
				TARGETED_DEVICE_FAMILY = "1,2";
			};
			name = Debug;
		};
		23E51D812C466B6C0099C44B /* Release */ = {
			isa = XCBuildConfiguration;
			buildSettings = {
				ASSETCATALOG_COMPILER_APPICON_NAME = AppIcon;
				ASSETCATALOG_COMPILER_GLOBAL_ACCENT_COLOR_NAME = AccentColor;
				CODE_SIGN_STYLE = Automatic;
				CURRENT_PROJECT_VERSION = 1;
				DEVELOPMENT_TEAM = "";
				GENERATE_INFOPLIST_FILE = YES;
				INFOPLIST_FILE = FocusUp/Info.plist;
				INFOPLIST_KEY_UIApplicationSupportsIndirectInputEvents = YES;
				INFOPLIST_KEY_UILaunchStoryboardName = LaunchScreen;
				INFOPLIST_KEY_UIMainStoryboardFile = Main;
				INFOPLIST_KEY_UISupportedInterfaceOrientations_iPad = "UIInterfaceOrientationPortrait UIInterfaceOrientationPortraitUpsideDown UIInterfaceOrientationLandscapeLeft UIInterfaceOrientationLandscapeRight";
				INFOPLIST_KEY_UISupportedInterfaceOrientations_iPhone = "UIInterfaceOrientationPortrait UIInterfaceOrientationLandscapeLeft UIInterfaceOrientationLandscapeRight";
				LD_RUNPATH_SEARCH_PATHS = (
					"$(inherited)",
					"@executable_path/Frameworks",
				);
				MARKETING_VERSION = 1.0;
				PRODUCT_BUNDLE_IDENTIFIER = UMC.FocusUp;
				PRODUCT_NAME = "$(TARGET_NAME)";
				SWIFT_EMIT_LOC_STRINGS = YES;
				SWIFT_VERSION = 5.0;
				TARGETED_DEVICE_FAMILY = "1,2";
			};
			name = Release;
		};
/* End XCBuildConfiguration section */

/* Begin XCConfigurationList section */
		23E51D662C466B6B0099C44B /* Build configuration list for PBXProject "FocusUp" */ = {
			isa = XCConfigurationList;
			buildConfigurations = (
				23E51D7D2C466B6C0099C44B /* Debug */,
				23E51D7E2C466B6C0099C44B /* Release */,
			);
			defaultConfigurationIsVisible = 0;
			defaultConfigurationName = Release;
		};
		23E51D7F2C466B6C0099C44B /* Build configuration list for PBXNativeTarget "FocusUp" */ = {
			isa = XCConfigurationList;
			buildConfigurations = (
				23E51D802C466B6C0099C44B /* Debug */,
				23E51D812C466B6C0099C44B /* Release */,
			);
			defaultConfigurationIsVisible = 0;
			defaultConfigurationName = Release;
		};
/* End XCConfigurationList section */
	};
	rootObject = 23E51D632C466B6B0099C44B /* Project object */;
}
