// !$*UTF8*$!
{
	archiveVersion = 1;
	classes = {
	};
	objectVersion = 56;
	objects = {

/* Begin PBXBuildFile section */
		19322DCF2C6568CD00564C59 /* ShopCollectionViewCell.xib in Resources */ = {isa = PBXBuildFile; fileRef = 19322DCE2C6568CD00564C59 /* ShopCollectionViewCell.xib */; };
		19322DD02C6568CD00564C59 /* ShopCollectionViewCell.swift in Sources */ = {isa = PBXBuildFile; fileRef = 19322DCD2C6568CD00564C59 /* ShopCollectionViewCell.swift */; };
		194EDB4F2C5D25E500FA43E7 /* AlarmViewController.swift in Sources */ = {isa = PBXBuildFile; fileRef = 194EDB4E2C5D25E500FA43E7 /* AlarmViewController.swift */; };
		1955828D2C5D6FBD003F7A86 /* UIView+Extension.swift in Sources */ = {isa = PBXBuildFile; fileRef = 1955828C2C5D6FBD003F7A86 /* UIView+Extension.swift */; };
		1961F9472C5113FB000D9652 /* ContentViewController.swift in Sources */ = {isa = PBXBuildFile; fileRef = 1961F9462C5113FB000D9652 /* ContentViewController.swift */; };
		1961F9492C511474000D9652 /* BottomSheetViewController.swift in Sources */ = {isa = PBXBuildFile; fileRef = 1961F9482C511474000D9652 /* BottomSheetViewController.swift */; };
		19798B4B2C6B2F3D00AEA1C8 /* API+Extension.swift in Sources */ = {isa = PBXBuildFile; fileRef = 19798B4A2C6B2F3D00AEA1C8 /* API+Extension.swift */; };
		19798B4E2C6B326E00AEA1C8 /* CharacterModel.swift in Sources */ = {isa = PBXBuildFile; fileRef = 19798B4D2C6B326E00AEA1C8 /* CharacterModel.swift */; };
		19798B502C6C1E0200AEA1C8 /* CharacterUI.swift in Sources */ = {isa = PBXBuildFile; fileRef = 19798B4F2C6C1E0200AEA1C8 /* CharacterUI.swift */; };
		198E605D2C6CB8DE004F53C1 /* RoutineAlarmModel.swift in Sources */ = {isa = PBXBuildFile; fileRef = 198E605C2C6CB8DE004F53C1 /* RoutineAlarmModel.swift */; };
		19AC29F12C51002600CB8554 /* CharacterViewController.swift in Sources */ = {isa = PBXBuildFile; fileRef = 19AC29F02C51002600CB8554 /* CharacterViewController.swift */; };
		19F34E752C6549E900805942 /* MyRoomThings.swift in Sources */ = {isa = PBXBuildFile; fileRef = 19F34E742C6549E900805942 /* MyRoomThings.swift */; };
		19F34E782C654F3F00805942 /* MyThingCollectionViewCell.xib in Resources */ = {isa = PBXBuildFile; fileRef = 19F34E772C654F3F00805942 /* MyThingCollectionViewCell.xib */; };
		19F34E792C654F3F00805942 /* MyThingCollectionViewCell.swift in Sources */ = {isa = PBXBuildFile; fileRef = 19F34E762C654F3F00805942 /* MyThingCollectionViewCell.swift */; };
		19F34E7B2C655BD900805942 /* ShopThings.swift in Sources */ = {isa = PBXBuildFile; fileRef = 19F34E7A2C655BD900805942 /* ShopThings.swift */; };
		19F34E7D2C655D0100805942 /* ShopViewController.swift in Sources */ = {isa = PBXBuildFile; fileRef = 19F34E7C2C655D0100805942 /* ShopViewController.swift */; };
		23163CC92C63A3EF00961A1C /* GoalRoutineTableViewCell.swift in Sources */ = {isa = PBXBuildFile; fileRef = 23163CC82C63A3EF00961A1C /* GoalRoutineTableViewCell.swift */; };
		23163CCC2C63B16E00961A1C /* GoalRoutineAddTableViewCell.xib in Resources */ = {isa = PBXBuildFile; fileRef = 23163CCB2C63B16E00961A1C /* GoalRoutineAddTableViewCell.xib */; };
		23163CCF2C63B18E00961A1C /* GoalRoutineAddTableViewCell.swift in Sources */ = {isa = PBXBuildFile; fileRef = 23163CCE2C63B18E00961A1C /* GoalRoutineAddTableViewCell.swift */; };
		23163CD12C63BE7100961A1C /* GoalRoutineEditViewController.swift in Sources */ = {isa = PBXBuildFile; fileRef = 23163CD02C63BE7100961A1C /* GoalRoutineEditViewController.swift */; };
		232B79122C47E278001D2934 /* LoginViewController.swift in Sources */ = {isa = PBXBuildFile; fileRef = 232B79112C47E278001D2934 /* LoginViewController.swift */; };
		235EA7FF2C7496E1004947EA /* CustomTimePickerViewController.swift in Sources */ = {isa = PBXBuildFile; fileRef = 235EA7FE2C7496E1004947EA /* CustomTimePickerViewController.swift */; };
		2377EFE32C639E720094055E /* GoalRoutineTableViewCell.xib in Resources */ = {isa = PBXBuildFile; fileRef = 2377EFE12C639E720094055E /* GoalRoutineTableViewCell.xib */; };
		239304332C6424B000AE9DDC /* RoutineDataModel.swift in Sources */ = {isa = PBXBuildFile; fileRef = 239304322C6424B000AE9DDC /* RoutineDataModel.swift */; };
		239304352C64256900AE9DDC /* Protocols.swift in Sources */ = {isa = PBXBuildFile; fileRef = 239304342C64256900AE9DDC /* Protocols.swift */; };
		23C9F8FD2C57AA200052B213 /* InformationViewController.swift in Sources */ = {isa = PBXBuildFile; fileRef = 23C9F8FC2C57AA1F0052B213 /* InformationViewController.swift */; };
		23E51D6F2C466B6B0099C44B /* AppDelegate.swift in Sources */ = {isa = PBXBuildFile; fileRef = 23E51D6E2C466B6B0099C44B /* AppDelegate.swift */; };
		23E51D712C466B6B0099C44B /* SceneDelegate.swift in Sources */ = {isa = PBXBuildFile; fileRef = 23E51D702C466B6B0099C44B /* SceneDelegate.swift */; };
		23E51D762C466B6B0099C44B /* Base in Resources */ = {isa = PBXBuildFile; fileRef = 23E51D752C466B6B0099C44B /* Base */; };
		23E51D782C466B6C0099C44B /* Assets.xcassets in Resources */ = {isa = PBXBuildFile; fileRef = 23E51D772C466B6C0099C44B /* Assets.xcassets */; };
		23E51D7B2C466B6C0099C44B /* Base in Resources */ = {isa = PBXBuildFile; fileRef = 23E51D7A2C466B6C0099C44B /* Base */; };
		23E51D8E2C4678580099C44B /* Pretendard-ExtraLight.otf in Resources */ = {isa = PBXBuildFile; fileRef = 23E51D852C4678560099C44B /* Pretendard-ExtraLight.otf */; };
		23E51D8F2C4678580099C44B /* Pretendard-Black.otf in Resources */ = {isa = PBXBuildFile; fileRef = 23E51D862C4678560099C44B /* Pretendard-Black.otf */; };
		23E51D902C4678580099C44B /* Pretendard-ExtraBold.otf in Resources */ = {isa = PBXBuildFile; fileRef = 23E51D872C4678570099C44B /* Pretendard-ExtraBold.otf */; };
		23E51D912C4678580099C44B /* Pretendard-Medium.otf in Resources */ = {isa = PBXBuildFile; fileRef = 23E51D882C4678570099C44B /* Pretendard-Medium.otf */; };
		23E51D922C4678580099C44B /* Pretendard-Thin.otf in Resources */ = {isa = PBXBuildFile; fileRef = 23E51D892C4678570099C44B /* Pretendard-Thin.otf */; };
		23E51D932C4678580099C44B /* Pretendard-Regular.otf in Resources */ = {isa = PBXBuildFile; fileRef = 23E51D8A2C4678570099C44B /* Pretendard-Regular.otf */; };
		23E51D942C4678580099C44B /* Pretendard-Bold.otf in Resources */ = {isa = PBXBuildFile; fileRef = 23E51D8B2C4678570099C44B /* Pretendard-Bold.otf */; };
		23E51D952C4678580099C44B /* Pretendard-Light.otf in Resources */ = {isa = PBXBuildFile; fileRef = 23E51D8C2C4678580099C44B /* Pretendard-Light.otf */; };
		23E51D962C4678580099C44B /* Pretendard-SemiBold.otf in Resources */ = {isa = PBXBuildFile; fileRef = 23E51D8D2C4678580099C44B /* Pretendard-SemiBold.otf */; };
		23E51D982C46DD210099C44B /* CustomTabBarController.swift in Sources */ = {isa = PBXBuildFile; fileRef = 23E51D972C46DD210099C44B /* CustomTabBarController.swift */; };
		52AECD5E71F4D31D350CF7DF /* Pods_FocusUp.framework in Frameworks */ = {isa = PBXBuildFile; fileRef = E598D0F7E520D0720143B7A3 /* Pods_FocusUp.framework */; };
		8B1A5BE62C6857720003B894 /* CalendarBottomSheetViewController.swift in Sources */ = {isa = PBXBuildFile; fileRef = 8B1A5BE52C6857720003B894 /* CalendarBottomSheetViewController.swift */; };
		8B2B0A932C6D0B0000E2FD44 /* MyPageModel.swift in Sources */ = {isa = PBXBuildFile; fileRef = 8B2B0A922C6D0B0000E2FD44 /* MyPageModel.swift */; };
		8BB17DD22C5A28D300D6F6E4 /* LevelControlViewController.swift in Sources */ = {isa = PBXBuildFile; fileRef = 8BB17DD12C5A28D300D6F6E4 /* LevelControlViewController.swift */; };
		8BBD00802C50DB99008E1E0C /* SettingViewController.swift in Sources */ = {isa = PBXBuildFile; fileRef = 8BBD007F2C50DB99008E1E0C /* SettingViewController.swift */; };
		8BBD00822C50DCC0008E1E0C /* GoalRoutineListViewController.swift in Sources */ = {isa = PBXBuildFile; fileRef = 8BBD00812C50DCC0008E1E0C /* GoalRoutineListViewController.swift */; };
		8BBD00842C50DDAE008E1E0C /* GoalRoutineSettingViewController.swift in Sources */ = {isa = PBXBuildFile; fileRef = 8BBD00832C50DDAE008E1E0C /* GoalRoutineSettingViewController.swift */; };
		8BE3FC0E2C50066C00B2AF0D /* MyPageViewController.swift in Sources */ = {isa = PBXBuildFile; fileRef = 8BE3FC0D2C50066C00B2AF0D /* MyPageViewController.swift */; };
		9705BBC02C735935005C8603 /* RoutineTableViewController.swift in Sources */ = {isa = PBXBuildFile; fileRef = 9705BBBF2C735935005C8603 /* RoutineTableViewController.swift */; };
		97601AE32C6B879300B52214 /* AlarmButtonModel.swift in Sources */ = {isa = PBXBuildFile; fileRef = 97601AE22C6B879300B52214 /* AlarmButtonModel.swift */; };
		976A91012C6E4D6000771AB5 /* HomeModel.swift in Sources */ = {isa = PBXBuildFile; fileRef = 976A91002C6E4D6000771AB5 /* HomeModel.swift */; };
		97DD90912C65D90D0072C677 /* HomeViewController.swift in Sources */ = {isa = PBXBuildFile; fileRef = 97DD90902C65D90D0072C677 /* HomeViewController.swift */; };
		97DD90932C65D9250072C677 /* LevelViewController.swift in Sources */ = {isa = PBXBuildFile; fileRef = 97DD90922C65D9250072C677 /* LevelViewController.swift */; };
/* End PBXBuildFile section */

/* Begin PBXFileReference section */
		19322DCD2C6568CD00564C59 /* ShopCollectionViewCell.swift */ = {isa = PBXFileReference; lastKnownFileType = sourcecode.swift; path = ShopCollectionViewCell.swift; sourceTree = "<group>"; };
		19322DCE2C6568CD00564C59 /* ShopCollectionViewCell.xib */ = {isa = PBXFileReference; lastKnownFileType = file.xib; path = ShopCollectionViewCell.xib; sourceTree = "<group>"; };
		194EDB4E2C5D25E500FA43E7 /* AlarmViewController.swift */ = {isa = PBXFileReference; lastKnownFileType = sourcecode.swift; path = AlarmViewController.swift; sourceTree = "<group>"; };
		1955828C2C5D6FBD003F7A86 /* UIView+Extension.swift */ = {isa = PBXFileReference; fileEncoding = 4; lastKnownFileType = sourcecode.swift; path = "UIView+Extension.swift"; sourceTree = "<group>"; };
		1961F9462C5113FB000D9652 /* ContentViewController.swift */ = {isa = PBXFileReference; lastKnownFileType = sourcecode.swift; path = ContentViewController.swift; sourceTree = "<group>"; };
		1961F9482C511474000D9652 /* BottomSheetViewController.swift */ = {isa = PBXFileReference; fileEncoding = 4; lastKnownFileType = sourcecode.swift; path = BottomSheetViewController.swift; sourceTree = "<group>"; };
		19798B4A2C6B2F3D00AEA1C8 /* API+Extension.swift */ = {isa = PBXFileReference; lastKnownFileType = sourcecode.swift; path = "API+Extension.swift"; sourceTree = "<group>"; };
		19798B4D2C6B326E00AEA1C8 /* CharacterModel.swift */ = {isa = PBXFileReference; lastKnownFileType = sourcecode.swift; path = CharacterModel.swift; sourceTree = "<group>"; };
		19798B4F2C6C1E0200AEA1C8 /* CharacterUI.swift */ = {isa = PBXFileReference; lastKnownFileType = sourcecode.swift; path = CharacterUI.swift; sourceTree = "<group>"; };
		198E605C2C6CB8DE004F53C1 /* RoutineAlarmModel.swift */ = {isa = PBXFileReference; lastKnownFileType = sourcecode.swift; path = RoutineAlarmModel.swift; sourceTree = "<group>"; };
		19AC29F02C51002600CB8554 /* CharacterViewController.swift */ = {isa = PBXFileReference; lastKnownFileType = sourcecode.swift; path = CharacterViewController.swift; sourceTree = "<group>"; };
		19F34E742C6549E900805942 /* MyRoomThings.swift */ = {isa = PBXFileReference; lastKnownFileType = sourcecode.swift; path = MyRoomThings.swift; sourceTree = "<group>"; };
		19F34E762C654F3F00805942 /* MyThingCollectionViewCell.swift */ = {isa = PBXFileReference; lastKnownFileType = sourcecode.swift; path = MyThingCollectionViewCell.swift; sourceTree = "<group>"; };
		19F34E772C654F3F00805942 /* MyThingCollectionViewCell.xib */ = {isa = PBXFileReference; lastKnownFileType = file.xib; path = MyThingCollectionViewCell.xib; sourceTree = "<group>"; };
		19F34E7A2C655BD900805942 /* ShopThings.swift */ = {isa = PBXFileReference; lastKnownFileType = sourcecode.swift; path = ShopThings.swift; sourceTree = "<group>"; };
		19F34E7C2C655D0100805942 /* ShopViewController.swift */ = {isa = PBXFileReference; lastKnownFileType = sourcecode.swift; path = ShopViewController.swift; sourceTree = "<group>"; };
		23163CC82C63A3EF00961A1C /* GoalRoutineTableViewCell.swift */ = {isa = PBXFileReference; lastKnownFileType = sourcecode.swift; path = GoalRoutineTableViewCell.swift; sourceTree = "<group>"; };
		23163CCB2C63B16E00961A1C /* GoalRoutineAddTableViewCell.xib */ = {isa = PBXFileReference; lastKnownFileType = file.xib; path = GoalRoutineAddTableViewCell.xib; sourceTree = "<group>"; };
		23163CCE2C63B18E00961A1C /* GoalRoutineAddTableViewCell.swift */ = {isa = PBXFileReference; lastKnownFileType = sourcecode.swift; path = GoalRoutineAddTableViewCell.swift; sourceTree = "<group>"; };
		23163CD02C63BE7100961A1C /* GoalRoutineEditViewController.swift */ = {isa = PBXFileReference; lastKnownFileType = sourcecode.swift; path = GoalRoutineEditViewController.swift; sourceTree = "<group>"; };
		232B79112C47E278001D2934 /* LoginViewController.swift */ = {isa = PBXFileReference; lastKnownFileType = sourcecode.swift; path = LoginViewController.swift; sourceTree = "<group>"; };
		235EA7FE2C7496E1004947EA /* CustomTimePickerViewController.swift */ = {isa = PBXFileReference; lastKnownFileType = sourcecode.swift; path = CustomTimePickerViewController.swift; sourceTree = "<group>"; };
		2377EFE12C639E720094055E /* GoalRoutineTableViewCell.xib */ = {isa = PBXFileReference; lastKnownFileType = file.xib; path = GoalRoutineTableViewCell.xib; sourceTree = "<group>"; };
		239304322C6424B000AE9DDC /* RoutineDataModel.swift */ = {isa = PBXFileReference; lastKnownFileType = sourcecode.swift; path = RoutineDataModel.swift; sourceTree = "<group>"; };
		239304342C64256900AE9DDC /* Protocols.swift */ = {isa = PBXFileReference; lastKnownFileType = sourcecode.swift; path = Protocols.swift; sourceTree = "<group>"; };
		23C9F8FC2C57AA1F0052B213 /* InformationViewController.swift */ = {isa = PBXFileReference; lastKnownFileType = sourcecode.swift; path = InformationViewController.swift; sourceTree = "<group>"; };
		23E51D6B2C466B6B0099C44B /* FocusUp.app */ = {isa = PBXFileReference; explicitFileType = wrapper.application; includeInIndex = 0; path = FocusUp.app; sourceTree = BUILT_PRODUCTS_DIR; };
		23E51D6E2C466B6B0099C44B /* AppDelegate.swift */ = {isa = PBXFileReference; lastKnownFileType = sourcecode.swift; path = AppDelegate.swift; sourceTree = "<group>"; };
		23E51D702C466B6B0099C44B /* SceneDelegate.swift */ = {isa = PBXFileReference; lastKnownFileType = sourcecode.swift; path = SceneDelegate.swift; sourceTree = "<group>"; };
		23E51D752C466B6B0099C44B /* Base */ = {isa = PBXFileReference; lastKnownFileType = file.storyboard; name = Base; path = Base.lproj/Main.storyboard; sourceTree = "<group>"; };
		23E51D772C466B6C0099C44B /* Assets.xcassets */ = {isa = PBXFileReference; lastKnownFileType = folder.assetcatalog; path = Assets.xcassets; sourceTree = "<group>"; };
		23E51D7A2C466B6C0099C44B /* Base */ = {isa = PBXFileReference; lastKnownFileType = file.storyboard; name = Base; path = Base.lproj/LaunchScreen.storyboard; sourceTree = "<group>"; };
		23E51D7C2C466B6C0099C44B /* Info.plist */ = {isa = PBXFileReference; lastKnownFileType = text.plist.xml; path = Info.plist; sourceTree = "<group>"; };
		23E51D852C4678560099C44B /* Pretendard-ExtraLight.otf */ = {isa = PBXFileReference; lastKnownFileType = file; path = "Pretendard-ExtraLight.otf"; sourceTree = "<group>"; };
		23E51D862C4678560099C44B /* Pretendard-Black.otf */ = {isa = PBXFileReference; lastKnownFileType = file; path = "Pretendard-Black.otf"; sourceTree = "<group>"; };
		23E51D872C4678570099C44B /* Pretendard-ExtraBold.otf */ = {isa = PBXFileReference; lastKnownFileType = file; path = "Pretendard-ExtraBold.otf"; sourceTree = "<group>"; };
		23E51D882C4678570099C44B /* Pretendard-Medium.otf */ = {isa = PBXFileReference; lastKnownFileType = file; path = "Pretendard-Medium.otf"; sourceTree = "<group>"; };
		23E51D892C4678570099C44B /* Pretendard-Thin.otf */ = {isa = PBXFileReference; lastKnownFileType = file; path = "Pretendard-Thin.otf"; sourceTree = "<group>"; };
		23E51D8A2C4678570099C44B /* Pretendard-Regular.otf */ = {isa = PBXFileReference; lastKnownFileType = file; path = "Pretendard-Regular.otf"; sourceTree = "<group>"; };
		23E51D8B2C4678570099C44B /* Pretendard-Bold.otf */ = {isa = PBXFileReference; lastKnownFileType = file; path = "Pretendard-Bold.otf"; sourceTree = "<group>"; };
		23E51D8C2C4678580099C44B /* Pretendard-Light.otf */ = {isa = PBXFileReference; lastKnownFileType = file; path = "Pretendard-Light.otf"; sourceTree = "<group>"; };
		23E51D8D2C4678580099C44B /* Pretendard-SemiBold.otf */ = {isa = PBXFileReference; lastKnownFileType = file; path = "Pretendard-SemiBold.otf"; sourceTree = "<group>"; };
		23E51D972C46DD210099C44B /* CustomTabBarController.swift */ = {isa = PBXFileReference; lastKnownFileType = sourcecode.swift; path = CustomTabBarController.swift; sourceTree = "<group>"; };
		8B1A5BE52C6857720003B894 /* CalendarBottomSheetViewController.swift */ = {isa = PBXFileReference; lastKnownFileType = sourcecode.swift; path = CalendarBottomSheetViewController.swift; sourceTree = "<group>"; };
		8B2B0A922C6D0B0000E2FD44 /* MyPageModel.swift */ = {isa = PBXFileReference; lastKnownFileType = sourcecode.swift; path = MyPageModel.swift; sourceTree = "<group>"; };
		8BB17DD12C5A28D300D6F6E4 /* LevelControlViewController.swift */ = {isa = PBXFileReference; lastKnownFileType = sourcecode.swift; path = LevelControlViewController.swift; sourceTree = "<group>"; };
		8BBD007F2C50DB99008E1E0C /* SettingViewController.swift */ = {isa = PBXFileReference; lastKnownFileType = sourcecode.swift; path = SettingViewController.swift; sourceTree = "<group>"; };
		8BBD00812C50DCC0008E1E0C /* GoalRoutineListViewController.swift */ = {isa = PBXFileReference; lastKnownFileType = sourcecode.swift; path = GoalRoutineListViewController.swift; sourceTree = "<group>"; };
		8BBD00832C50DDAE008E1E0C /* GoalRoutineSettingViewController.swift */ = {isa = PBXFileReference; lastKnownFileType = sourcecode.swift; path = GoalRoutineSettingViewController.swift; sourceTree = "<group>"; };
		8BE3FC0D2C50066C00B2AF0D /* MyPageViewController.swift */ = {isa = PBXFileReference; lastKnownFileType = sourcecode.swift; path = MyPageViewController.swift; sourceTree = "<group>"; };
		8D1B833C104F55B63CF9B484 /* Pods-FocusUp.release.xcconfig */ = {isa = PBXFileReference; includeInIndex = 1; lastKnownFileType = text.xcconfig; name = "Pods-FocusUp.release.xcconfig"; path = "Target Support Files/Pods-FocusUp/Pods-FocusUp.release.xcconfig"; sourceTree = "<group>"; };
		9705BBBF2C735935005C8603 /* RoutineTableViewController.swift */ = {isa = PBXFileReference; lastKnownFileType = sourcecode.swift; path = RoutineTableViewController.swift; sourceTree = "<group>"; };
		97601AE22C6B879300B52214 /* AlarmButtonModel.swift */ = {isa = PBXFileReference; lastKnownFileType = sourcecode.swift; path = AlarmButtonModel.swift; sourceTree = "<group>"; };
		976A91002C6E4D6000771AB5 /* HomeModel.swift */ = {isa = PBXFileReference; lastKnownFileType = sourcecode.swift; path = HomeModel.swift; sourceTree = "<group>"; };
		97DD90902C65D90D0072C677 /* HomeViewController.swift */ = {isa = PBXFileReference; lastKnownFileType = sourcecode.swift; path = HomeViewController.swift; sourceTree = "<group>"; };
		97DD90922C65D9250072C677 /* LevelViewController.swift */ = {isa = PBXFileReference; lastKnownFileType = sourcecode.swift; path = LevelViewController.swift; sourceTree = "<group>"; };
		983A7CBBEE3C961D2D4A307B /* Pods-FocusUp.debug.xcconfig */ = {isa = PBXFileReference; includeInIndex = 1; lastKnownFileType = text.xcconfig; name = "Pods-FocusUp.debug.xcconfig"; path = "Target Support Files/Pods-FocusUp/Pods-FocusUp.debug.xcconfig"; sourceTree = "<group>"; };
		E598D0F7E520D0720143B7A3 /* Pods_FocusUp.framework */ = {isa = PBXFileReference; explicitFileType = wrapper.framework; includeInIndex = 0; path = Pods_FocusUp.framework; sourceTree = BUILT_PRODUCTS_DIR; };
/* End PBXFileReference section */

/* Begin PBXFrameworksBuildPhase section */
		23E51D682C466B6B0099C44B /* Frameworks */ = {
			isa = PBXFrameworksBuildPhase;
			buildActionMask = 2147483647;
			files = (
				52AECD5E71F4D31D350CF7DF /* Pods_FocusUp.framework in Frameworks */,
			);
			runOnlyForDeploymentPostprocessing = 0;
		};
/* End PBXFrameworksBuildPhase section */

/* Begin PBXGroup section */
		194EDB4D2C5D25D000FA43E7 /* Alarm */ = {
			isa = PBXGroup;
			children = (
				194EDB4E2C5D25E500FA43E7 /* AlarmViewController.swift */,
				97601AE22C6B879300B52214 /* AlarmButtonModel.swift */,
				198E605C2C6CB8DE004F53C1 /* RoutineAlarmModel.swift */,
			);
			path = Alarm;
			sourceTree = "<group>";
		};
		19AC29EF2C50FB2E00CB8554 /* Character */ = {
			isa = PBXGroup;
			children = (
				1961F9482C511474000D9652 /* BottomSheetViewController.swift */,
				19AC29F02C51002600CB8554 /* CharacterViewController.swift */,
				1961F9462C5113FB000D9652 /* ContentViewController.swift */,
				19F34E742C6549E900805942 /* MyRoomThings.swift */,
				19F34E762C654F3F00805942 /* MyThingCollectionViewCell.swift */,
				19F34E772C654F3F00805942 /* MyThingCollectionViewCell.xib */,
				19F34E7C2C655D0100805942 /* ShopViewController.swift */,
				19F34E7A2C655BD900805942 /* ShopThings.swift */,
				19322DCD2C6568CD00564C59 /* ShopCollectionViewCell.swift */,
				19322DCE2C6568CD00564C59 /* ShopCollectionViewCell.xib */,
				19798B4F2C6C1E0200AEA1C8 /* CharacterUI.swift */,
				19798B4D2C6B326E00AEA1C8 /* CharacterModel.swift */,
			);
			path = Character;
			sourceTree = "<group>";
		};
		2377EFE42C639E840094055E /* GoalRoutineTabel */ = {
			isa = PBXGroup;
			children = (
				23163CC82C63A3EF00961A1C /* GoalRoutineTableViewCell.swift */,
				2377EFE12C639E720094055E /* GoalRoutineTableViewCell.xib */,
				23163CCE2C63B18E00961A1C /* GoalRoutineAddTableViewCell.swift */,
				23163CCB2C63B16E00961A1C /* GoalRoutineAddTableViewCell.xib */,
			);
			path = GoalRoutineTabel;
			sourceTree = "<group>";
		};
		23E51D622C466B6B0099C44B = {
			isa = PBXGroup;
			children = (
				23E51D6D2C466B6B0099C44B /* FocusUp */,
				23E51D6C2C466B6B0099C44B /* Products */,
				4C02D7D1F0674B9D40BE1588 /* Pods */,
				77F6E807A4CE5EBC0DF0830F /* Frameworks */,
			);
			sourceTree = "<group>";
		};
		23E51D6C2C466B6B0099C44B /* Products */ = {
			isa = PBXGroup;
			children = (
				23E51D6B2C466B6B0099C44B /* FocusUp.app */,
			);
			name = Products;
			sourceTree = "<group>";
		};
		23E51D6D2C466B6B0099C44B /* FocusUp */ = {
			isa = PBXGroup;
			children = (
				8BE3FC0C2C50058700B2AF0D /* MyPage */,
				23E51D842C46783B0099C44B /* Fonts */,
				23E51D6E2C466B6B0099C44B /* AppDelegate.swift */,
				23E51D702C466B6B0099C44B /* SceneDelegate.swift */,
				23E51D742C466B6B0099C44B /* Main.storyboard */,
				23C9F8FC2C57AA1F0052B213 /* InformationViewController.swift */,
				232B79112C47E278001D2934 /* LoginViewController.swift */,
				97DD90942C65D92C0072C677 /* Home */,
				23E51D992C46DD2F0099C44B /* NavBar */,
				19AC29EF2C50FB2E00CB8554 /* Character */,
				194EDB4D2C5D25D000FA43E7 /* Alarm */,
				1955828C2C5D6FBD003F7A86 /* UIView+Extension.swift */,
				19798B4A2C6B2F3D00AEA1C8 /* API+Extension.swift */,
				23E51D772C466B6C0099C44B /* Assets.xcassets */,
				23E51D792C466B6C0099C44B /* LaunchScreen.storyboard */,
				23E51D7C2C466B6C0099C44B /* Info.plist */,
			);
			path = FocusUp;
			sourceTree = "<group>";
		};
		23E51D842C46783B0099C44B /* Fonts */ = {
			isa = PBXGroup;
			children = (
				23E51D862C4678560099C44B /* Pretendard-Black.otf */,
				23E51D8B2C4678570099C44B /* Pretendard-Bold.otf */,
				23E51D872C4678570099C44B /* Pretendard-ExtraBold.otf */,
				23E51D852C4678560099C44B /* Pretendard-ExtraLight.otf */,
				23E51D8C2C4678580099C44B /* Pretendard-Light.otf */,
				23E51D882C4678570099C44B /* Pretendard-Medium.otf */,
				23E51D8A2C4678570099C44B /* Pretendard-Regular.otf */,
				23E51D8D2C4678580099C44B /* Pretendard-SemiBold.otf */,
				23E51D892C4678570099C44B /* Pretendard-Thin.otf */,
			);
			path = Fonts;
			sourceTree = "<group>";
		};
		23E51D992C46DD2F0099C44B /* NavBar */ = {
			isa = PBXGroup;
			children = (
				23E51D972C46DD210099C44B /* CustomTabBarController.swift */,
			);
			path = NavBar;
			sourceTree = "<group>";
		};
		4C02D7D1F0674B9D40BE1588 /* Pods */ = {
			isa = PBXGroup;
			children = (
				983A7CBBEE3C961D2D4A307B /* Pods-FocusUp.debug.xcconfig */,
				8D1B833C104F55B63CF9B484 /* Pods-FocusUp.release.xcconfig */,
			);
			path = Pods;
			sourceTree = "<group>";
		};
		77F6E807A4CE5EBC0DF0830F /* Frameworks */ = {
			isa = PBXGroup;
			children = (
				E598D0F7E520D0720143B7A3 /* Pods_FocusUp.framework */,
			);
			name = Frameworks;
			sourceTree = "<group>";
		};
		8BE3FC0C2C50058700B2AF0D /* MyPage */ = {
			isa = PBXGroup;
			children = (
				2377EFE42C639E840094055E /* GoalRoutineTabel */,
				8BE3FC0D2C50066C00B2AF0D /* MyPageViewController.swift */,
				8BBD007F2C50DB99008E1E0C /* SettingViewController.swift */,
				8BBD00812C50DCC0008E1E0C /* GoalRoutineListViewController.swift */,
				8BBD00832C50DDAE008E1E0C /* GoalRoutineSettingViewController.swift */,
				239304322C6424B000AE9DDC /* RoutineDataModel.swift */,
				235EA7FE2C7496E1004947EA /* CustomTimePickerViewController.swift */,
				8BB17DD12C5A28D300D6F6E4 /* LevelControlViewController.swift */,
				23163CD02C63BE7100961A1C /* GoalRoutineEditViewController.swift */,
				239304342C64256900AE9DDC /* Protocols.swift */,
				8B1A5BE52C6857720003B894 /* CalendarBottomSheetViewController.swift */,
				8B2B0A922C6D0B0000E2FD44 /* MyPageModel.swift */,
			);
			path = MyPage;
			sourceTree = "<group>";
		};
		97DD90942C65D92C0072C677 /* Home */ = {
			isa = PBXGroup;
			children = (
				976A91002C6E4D6000771AB5 /* HomeModel.swift */,
				97DD90902C65D90D0072C677 /* HomeViewController.swift */,
				9705BBBF2C735935005C8603 /* RoutineTableViewController.swift */,
				97DD90922C65D9250072C677 /* LevelViewController.swift */,
			);
			path = Home;
			sourceTree = "<group>";
		};
/* End PBXGroup section */

/* Begin PBXNativeTarget section */
		23E51D6A2C466B6B0099C44B /* FocusUp */ = {
			isa = PBXNativeTarget;
			buildConfigurationList = 23E51D7F2C466B6C0099C44B /* Build configuration list for PBXNativeTarget "FocusUp" */;
			buildPhases = (
				7FA7AE07573CF9F482D5C1D6 /* [CP] Check Pods Manifest.lock */,
				23E51D672C466B6B0099C44B /* Sources */,
				23E51D682C466B6B0099C44B /* Frameworks */,
				23E51D692C466B6B0099C44B /* Resources */,
				CE4B2C20D14F50A3C5A40FAB /* [CP] Embed Pods Frameworks */,
			);
			buildRules = (
			);
			dependencies = (
			);
			name = FocusUp;
			productName = FocusUp;
			productReference = 23E51D6B2C466B6B0099C44B /* FocusUp.app */;
			productType = "com.apple.product-type.application";
		};
/* End PBXNativeTarget section */

/* Begin PBXProject section */
		23E51D632C466B6B0099C44B /* Project object */ = {
			isa = PBXProject;
			attributes = {
				BuildIndependentTargetsInParallel = 1;
				LastSwiftUpdateCheck = 1540;
				LastUpgradeCheck = 1540;
				TargetAttributes = {
					23E51D6A2C466B6B0099C44B = {
						CreatedOnToolsVersion = 15.4;
					};
				};
			};
			buildConfigurationList = 23E51D662C466B6B0099C44B /* Build configuration list for PBXProject "FocusUp" */;
			compatibilityVersion = "Xcode 14.0";
			developmentRegion = en;
			hasScannedForEncodings = 0;
			knownRegions = (
				en,
				Base,
			);
			mainGroup = 23E51D622C466B6B0099C44B;
			productRefGroup = 23E51D6C2C466B6B0099C44B /* Products */;
			projectDirPath = "";
			projectRoot = "";
			targets = (
				23E51D6A2C466B6B0099C44B /* FocusUp */,
			);
		};
/* End PBXProject section */

/* Begin PBXResourcesBuildPhase section */
		23E51D692C466B6B0099C44B /* Resources */ = {
			isa = PBXResourcesBuildPhase;
			buildActionMask = 2147483647;
			files = (
				19322DCF2C6568CD00564C59 /* ShopCollectionViewCell.xib in Resources */,
				23E51D912C4678580099C44B /* Pretendard-Medium.otf in Resources */,
				23E51D942C4678580099C44B /* Pretendard-Bold.otf in Resources */,
				23E51D782C466B6C0099C44B /* Assets.xcassets in Resources */,
				23E51D962C4678580099C44B /* Pretendard-SemiBold.otf in Resources */,
				2377EFE32C639E720094055E /* GoalRoutineTableViewCell.xib in Resources */,
				23E51D7B2C466B6C0099C44B /* Base in Resources */,
				23E51D922C4678580099C44B /* Pretendard-Thin.otf in Resources */,
				23E51D952C4678580099C44B /* Pretendard-Light.otf in Resources */,
				23E51D932C4678580099C44B /* Pretendard-Regular.otf in Resources */,
				19F34E782C654F3F00805942 /* MyThingCollectionViewCell.xib in Resources */,
				23163CCC2C63B16E00961A1C /* GoalRoutineAddTableViewCell.xib in Resources */,
				23E51D902C4678580099C44B /* Pretendard-ExtraBold.otf in Resources */,
				23E51D8E2C4678580099C44B /* Pretendard-ExtraLight.otf in Resources */,
				23E51D762C466B6B0099C44B /* Base in Resources */,
				23E51D8F2C4678580099C44B /* Pretendard-Black.otf in Resources */,
			);
			runOnlyForDeploymentPostprocessing = 0;
		};
/* End PBXResourcesBuildPhase section */

/* Begin PBXShellScriptBuildPhase section */
		7FA7AE07573CF9F482D5C1D6 /* [CP] Check Pods Manifest.lock */ = {
			isa = PBXShellScriptBuildPhase;
			buildActionMask = 2147483647;
			files = (
			);
			inputFileListPaths = (
			);
			inputPaths = (
				"${PODS_PODFILE_DIR_PATH}/Podfile.lock",
				"${PODS_ROOT}/Manifest.lock",
			);
			name = "[CP] Check Pods Manifest.lock";
			outputFileListPaths = (
			);
			outputPaths = (
				"$(DERIVED_FILE_DIR)/Pods-FocusUp-checkManifestLockResult.txt",
			);
			runOnlyForDeploymentPostprocessing = 0;
			shellPath = /bin/sh;
			shellScript = "diff \"${PODS_PODFILE_DIR_PATH}/Podfile.lock\" \"${PODS_ROOT}/Manifest.lock\" > /dev/null\nif [ $? != 0 ] ; then\n    # print error to STDERR\n    echo \"error: The sandbox is not in sync with the Podfile.lock. Run 'pod install' or update your CocoaPods installation.\" >&2\n    exit 1\nfi\n# This output is used by Xcode 'outputs' to avoid re-running this script phase.\necho \"SUCCESS\" > \"${SCRIPT_OUTPUT_FILE_0}\"\n";
			showEnvVarsInLog = 0;
		};
		CE4B2C20D14F50A3C5A40FAB /* [CP] Embed Pods Frameworks */ = {
			isa = PBXShellScriptBuildPhase;
			buildActionMask = 2147483647;
			files = (
			);
			inputFileListPaths = (
				"${PODS_ROOT}/Target Support Files/Pods-FocusUp/Pods-FocusUp-frameworks-${CONFIGURATION}-input-files.xcfilelist",
			);
			name = "[CP] Embed Pods Frameworks";
			outputFileListPaths = (
				"${PODS_ROOT}/Target Support Files/Pods-FocusUp/Pods-FocusUp-frameworks-${CONFIGURATION}-output-files.xcfilelist",
			);
			runOnlyForDeploymentPostprocessing = 0;
			shellPath = /bin/sh;
			shellScript = "\"${PODS_ROOT}/Target Support Files/Pods-FocusUp/Pods-FocusUp-frameworks.sh\"\n";
			showEnvVarsInLog = 0;
		};
/* End PBXShellScriptBuildPhase section */

/* Begin PBXSourcesBuildPhase section */
		23E51D672C466B6B0099C44B /* Sources */ = {
			isa = PBXSourcesBuildPhase;
			buildActionMask = 2147483647;
			files = (
				19F34E792C654F3F00805942 /* MyThingCollectionViewCell.swift in Sources */,
				19322DD02C6568CD00564C59 /* ShopCollectionViewCell.swift in Sources */,
				8BE3FC0E2C50066C00B2AF0D /* MyPageViewController.swift in Sources */,
				19798B502C6C1E0200AEA1C8 /* CharacterUI.swift in Sources */,
				194EDB4F2C5D25E500FA43E7 /* AlarmViewController.swift in Sources */,
				232B79122C47E278001D2934 /* LoginViewController.swift in Sources */,
				239304352C64256900AE9DDC /* Protocols.swift in Sources */,
				8BB17DD22C5A28D300D6F6E4 /* LevelControlViewController.swift in Sources */,
				97DD90932C65D9250072C677 /* LevelViewController.swift in Sources */,
				8B2B0A932C6D0B0000E2FD44 /* MyPageModel.swift in Sources */,
				1961F9492C511474000D9652 /* BottomSheetViewController.swift in Sources */,
				19F34E752C6549E900805942 /* MyRoomThings.swift in Sources */,
				235EA7FF2C7496E1004947EA /* CustomTimePickerViewController.swift in Sources */,
				19AC29F12C51002600CB8554 /* CharacterViewController.swift in Sources */,
				23163CCF2C63B18E00961A1C /* GoalRoutineAddTableViewCell.swift in Sources */,
				239304332C6424B000AE9DDC /* RoutineDataModel.swift in Sources */,
				19798B4E2C6B326E00AEA1C8 /* CharacterModel.swift in Sources */,
				23E51D6F2C466B6B0099C44B /* AppDelegate.swift in Sources */,
				198E605D2C6CB8DE004F53C1 /* RoutineAlarmModel.swift in Sources */,
				19798B4B2C6B2F3D00AEA1C8 /* API+Extension.swift in Sources */,
				23E51D712C466B6B0099C44B /* SceneDelegate.swift in Sources */,
				976A91012C6E4D6000771AB5 /* HomeModel.swift in Sources */,
				1961F9472C5113FB000D9652 /* ContentViewController.swift in Sources */,
				23E51D982C46DD210099C44B /* CustomTabBarController.swift in Sources */,
				9705BBC02C735935005C8603 /* RoutineTableViewController.swift in Sources */,
				8BBD00802C50DB99008E1E0C /* SettingViewController.swift in Sources */,
				23163CC92C63A3EF00961A1C /* GoalRoutineTableViewCell.swift in Sources */,
				97DD90912C65D90D0072C677 /* HomeViewController.swift in Sources */,
				1955828D2C5D6FBD003F7A86 /* UIView+Extension.swift in Sources */,
				8BBD00822C50DCC0008E1E0C /* GoalRoutineListViewController.swift in Sources */,
				19F34E7B2C655BD900805942 /* ShopThings.swift in Sources */,
				23163CD12C63BE7100961A1C /* GoalRoutineEditViewController.swift in Sources */,
				8BBD00842C50DDAE008E1E0C /* GoalRoutineSettingViewController.swift in Sources */,
				19F34E7D2C655D0100805942 /* ShopViewController.swift in Sources */,
				23C9F8FD2C57AA200052B213 /* InformationViewController.swift in Sources */,
				8B1A5BE62C6857720003B894 /* CalendarBottomSheetViewController.swift in Sources */,
				97601AE32C6B879300B52214 /* AlarmButtonModel.swift in Sources */,
			);
			runOnlyForDeploymentPostprocessing = 0;
		};
/* End PBXSourcesBuildPhase section */

/* Begin PBXVariantGroup section */
		23E51D742C466B6B0099C44B /* Main.storyboard */ = {
			isa = PBXVariantGroup;
			children = (
				23E51D752C466B6B0099C44B /* Base */,
			);
			name = Main.storyboard;
			sourceTree = "<group>";
		};
		23E51D792C466B6C0099C44B /* LaunchScreen.storyboard */ = {
			isa = PBXVariantGroup;
			children = (
				23E51D7A2C466B6C0099C44B /* Base */,
			);
			name = LaunchScreen.storyboard;
			sourceTree = "<group>";
		};
/* End PBXVariantGroup section */

/* Begin XCBuildConfiguration section */
		23E51D7D2C466B6C0099C44B /* Debug */ = {
			isa = XCBuildConfiguration;
			buildSettings = {
				ALWAYS_SEARCH_USER_PATHS = NO;
				ASSETCATALOG_COMPILER_GENERATE_SWIFT_ASSET_SYMBOL_EXTENSIONS = YES;
				CLANG_ANALYZER_NONNULL = YES;
				CLANG_ANALYZER_NUMBER_OBJECT_CONVERSION = YES_AGGRESSIVE;
				CLANG_CXX_LANGUAGE_STANDARD = "gnu++20";
				CLANG_ENABLE_MODULES = YES;
				CLANG_ENABLE_OBJC_ARC = YES;
				CLANG_ENABLE_OBJC_WEAK = YES;
				CLANG_WARN_BLOCK_CAPTURE_AUTORELEASING = YES;
				CLANG_WARN_BOOL_CONVERSION = YES;
				CLANG_WARN_COMMA = YES;
				CLANG_WARN_CONSTANT_CONVERSION = YES;
				CLANG_WARN_DEPRECATED_OBJC_IMPLEMENTATIONS = YES;
				CLANG_WARN_DIRECT_OBJC_ISA_USAGE = YES_ERROR;
				CLANG_WARN_DOCUMENTATION_COMMENTS = YES;
				CLANG_WARN_EMPTY_BODY = YES;
				CLANG_WARN_ENUM_CONVERSION = YES;
				CLANG_WARN_INFINITE_RECURSION = YES;
				CLANG_WARN_INT_CONVERSION = YES;
				CLANG_WARN_NON_LITERAL_NULL_CONVERSION = YES;
				CLANG_WARN_OBJC_IMPLICIT_RETAIN_SELF = YES;
				CLANG_WARN_OBJC_LITERAL_CONVERSION = YES;
				CLANG_WARN_OBJC_ROOT_CLASS = YES_ERROR;
				CLANG_WARN_QUOTED_INCLUDE_IN_FRAMEWORK_HEADER = YES;
				CLANG_WARN_RANGE_LOOP_ANALYSIS = YES;
				CLANG_WARN_STRICT_PROTOTYPES = YES;
				CLANG_WARN_SUSPICIOUS_MOVE = YES;
				CLANG_WARN_UNGUARDED_AVAILABILITY = YES_AGGRESSIVE;
				CLANG_WARN_UNREACHABLE_CODE = YES;
				CLANG_WARN__DUPLICATE_METHOD_MATCH = YES;
				COPY_PHASE_STRIP = NO;
				DEBUG_INFORMATION_FORMAT = dwarf;
				ENABLE_STRICT_OBJC_MSGSEND = YES;
				ENABLE_TESTABILITY = YES;
				ENABLE_USER_SCRIPT_SANDBOXING = YES;
				GCC_C_LANGUAGE_STANDARD = gnu17;
				GCC_DYNAMIC_NO_PIC = NO;
				GCC_NO_COMMON_BLOCKS = YES;
				GCC_OPTIMIZATION_LEVEL = 0;
				GCC_PREPROCESSOR_DEFINITIONS = (
					"DEBUG=1",
					"$(inherited)",
				);
				GCC_WARN_64_TO_32_BIT_CONVERSION = YES;
				GCC_WARN_ABOUT_RETURN_TYPE = YES_ERROR;
				GCC_WARN_UNDECLARED_SELECTOR = YES;
				GCC_WARN_UNINITIALIZED_AUTOS = YES_AGGRESSIVE;
				GCC_WARN_UNUSED_FUNCTION = YES;
				GCC_WARN_UNUSED_VARIABLE = YES;
				IPHONEOS_DEPLOYMENT_TARGET = 17.4;
				LOCALIZATION_PREFERS_STRING_CATALOGS = YES;
				MTL_ENABLE_DEBUG_INFO = INCLUDE_SOURCE;
				MTL_FAST_MATH = YES;
				ONLY_ACTIVE_ARCH = YES;
				SDKROOT = iphoneos;
				SWIFT_ACTIVE_COMPILATION_CONDITIONS = "DEBUG $(inherited)";
				SWIFT_OPTIMIZATION_LEVEL = "-Onone";
			};
			name = Debug;
		};
		23E51D7E2C466B6C0099C44B /* Release */ = {
			isa = XCBuildConfiguration;
			buildSettings = {
				ALWAYS_SEARCH_USER_PATHS = NO;
				ASSETCATALOG_COMPILER_GENERATE_SWIFT_ASSET_SYMBOL_EXTENSIONS = YES;
				CLANG_ANALYZER_NONNULL = YES;
				CLANG_ANALYZER_NUMBER_OBJECT_CONVERSION = YES_AGGRESSIVE;
				CLANG_CXX_LANGUAGE_STANDARD = "gnu++20";
				CLANG_ENABLE_MODULES = YES;
				CLANG_ENABLE_OBJC_ARC = YES;
				CLANG_ENABLE_OBJC_WEAK = YES;
				CLANG_WARN_BLOCK_CAPTURE_AUTORELEASING = YES;
				CLANG_WARN_BOOL_CONVERSION = YES;
				CLANG_WARN_COMMA = YES;
				CLANG_WARN_CONSTANT_CONVERSION = YES;
				CLANG_WARN_DEPRECATED_OBJC_IMPLEMENTATIONS = YES;
				CLANG_WARN_DIRECT_OBJC_ISA_USAGE = YES_ERROR;
				CLANG_WARN_DOCUMENTATION_COMMENTS = YES;
				CLANG_WARN_EMPTY_BODY = YES;
				CLANG_WARN_ENUM_CONVERSION = YES;
				CLANG_WARN_INFINITE_RECURSION = YES;
				CLANG_WARN_INT_CONVERSION = YES;
				CLANG_WARN_NON_LITERAL_NULL_CONVERSION = YES;
				CLANG_WARN_OBJC_IMPLICIT_RETAIN_SELF = YES;
				CLANG_WARN_OBJC_LITERAL_CONVERSION = YES;
				CLANG_WARN_OBJC_ROOT_CLASS = YES_ERROR;
				CLANG_WARN_QUOTED_INCLUDE_IN_FRAMEWORK_HEADER = YES;
				CLANG_WARN_RANGE_LOOP_ANALYSIS = YES;
				CLANG_WARN_STRICT_PROTOTYPES = YES;
				CLANG_WARN_SUSPICIOUS_MOVE = YES;
				CLANG_WARN_UNGUARDED_AVAILABILITY = YES_AGGRESSIVE;
				CLANG_WARN_UNREACHABLE_CODE = YES;
				CLANG_WARN__DUPLICATE_METHOD_MATCH = YES;
				COPY_PHASE_STRIP = NO;
				DEBUG_INFORMATION_FORMAT = "dwarf-with-dsym";
				ENABLE_NS_ASSERTIONS = NO;
				ENABLE_STRICT_OBJC_MSGSEND = YES;
				ENABLE_USER_SCRIPT_SANDBOXING = YES;
				GCC_C_LANGUAGE_STANDARD = gnu17;
				GCC_NO_COMMON_BLOCKS = YES;
				GCC_WARN_64_TO_32_BIT_CONVERSION = YES;
				GCC_WARN_ABOUT_RETURN_TYPE = YES_ERROR;
				GCC_WARN_UNDECLARED_SELECTOR = YES;
				GCC_WARN_UNINITIALIZED_AUTOS = YES_AGGRESSIVE;
				GCC_WARN_UNUSED_FUNCTION = YES;
				GCC_WARN_UNUSED_VARIABLE = YES;
				IPHONEOS_DEPLOYMENT_TARGET = 17.4;
				LOCALIZATION_PREFERS_STRING_CATALOGS = YES;
				MTL_ENABLE_DEBUG_INFO = NO;
				MTL_FAST_MATH = YES;
				SDKROOT = iphoneos;
				SWIFT_COMPILATION_MODE = wholemodule;
				VALIDATE_PRODUCT = YES;
			};
			name = Release;
		};
		23E51D802C466B6C0099C44B /* Debug */ = {
			isa = XCBuildConfiguration;
			baseConfigurationReference = 983A7CBBEE3C961D2D4A307B /* Pods-FocusUp.debug.xcconfig */;
			buildSettings = {
				ASSETCATALOG_COMPILER_APPICON_NAME = AppIcon;
				ASSETCATALOG_COMPILER_GLOBAL_ACCENT_COLOR_NAME = AccentColor;
				CODE_SIGN_STYLE = Automatic;
				CURRENT_PROJECT_VERSION = 1;
				DEVELOPMENT_TEAM = G8X4BWGTSS;
				ENABLE_USER_SCRIPT_SANDBOXING = NO;
				GENERATE_INFOPLIST_FILE = YES;
				INFOPLIST_FILE = FocusUp/Info.plist;
				INFOPLIST_KEY_UIApplicationSupportsIndirectInputEvents = YES;
				INFOPLIST_KEY_UILaunchStoryboardName = LaunchScreen;
				INFOPLIST_KEY_UIMainStoryboardFile = Main;
				INFOPLIST_KEY_UISupportedInterfaceOrientations_iPad = "UIInterfaceOrientationPortrait UIInterfaceOrientationPortraitUpsideDown UIInterfaceOrientationLandscapeLeft UIInterfaceOrientationLandscapeRight";
				INFOPLIST_KEY_UISupportedInterfaceOrientations_iPhone = "UIInterfaceOrientationPortrait UIInterfaceOrientationLandscapeLeft UIInterfaceOrientationLandscapeRight";
				IPHONEOS_DEPLOYMENT_TARGET = 17.4;
				LD_RUNPATH_SEARCH_PATHS = (
					"$(inherited)",
					"@executable_path/Frameworks",
				);
				MARKETING_VERSION = 1.0;
				PRODUCT_BUNDLE_IDENTIFIER = com.UMC.FocusUp;
				PRODUCT_NAME = "$(TARGET_NAME)";
				SWIFT_EMIT_LOC_STRINGS = YES;
				SWIFT_VERSION = 5.0;
				TARGETED_DEVICE_FAMILY = "1,2";
			};
			name = Debug;
		};
		23E51D812C466B6C0099C44B /* Release */ = {
			isa = XCBuildConfiguration;
			baseConfigurationReference = 8D1B833C104F55B63CF9B484 /* Pods-FocusUp.release.xcconfig */;
			buildSettings = {
				ASSETCATALOG_COMPILER_APPICON_NAME = AppIcon;
				ASSETCATALOG_COMPILER_GLOBAL_ACCENT_COLOR_NAME = AccentColor;
				CODE_SIGN_STYLE = Automatic;
				CURRENT_PROJECT_VERSION = 1;
				DEVELOPMENT_TEAM = G8X4BWGTSS;
				ENABLE_USER_SCRIPT_SANDBOXING = NO;
				GENERATE_INFOPLIST_FILE = YES;
				INFOPLIST_FILE = FocusUp/Info.plist;
				INFOPLIST_KEY_UIApplicationSupportsIndirectInputEvents = YES;
				INFOPLIST_KEY_UILaunchStoryboardName = LaunchScreen;
				INFOPLIST_KEY_UIMainStoryboardFile = Main;
				INFOPLIST_KEY_UISupportedInterfaceOrientations_iPad = "UIInterfaceOrientationPortrait UIInterfaceOrientationPortraitUpsideDown UIInterfaceOrientationLandscapeLeft UIInterfaceOrientationLandscapeRight";
				INFOPLIST_KEY_UISupportedInterfaceOrientations_iPhone = "UIInterfaceOrientationPortrait UIInterfaceOrientationLandscapeLeft UIInterfaceOrientationLandscapeRight";
				IPHONEOS_DEPLOYMENT_TARGET = 17.4;
				LD_RUNPATH_SEARCH_PATHS = (
					"$(inherited)",
					"@executable_path/Frameworks",
				);
				MARKETING_VERSION = 1.0;
				PRODUCT_BUNDLE_IDENTIFIER = com.UMC.FocusUp;
				PRODUCT_NAME = "$(TARGET_NAME)";
				SWIFT_EMIT_LOC_STRINGS = YES;
				SWIFT_VERSION = 5.0;
				TARGETED_DEVICE_FAMILY = "1,2";
			};
			name = Release;
		};
/* End XCBuildConfiguration section */

/* Begin XCConfigurationList section */
		23E51D662C466B6B0099C44B /* Build configuration list for PBXProject "FocusUp" */ = {
			isa = XCConfigurationList;
			buildConfigurations = (
				23E51D7D2C466B6C0099C44B /* Debug */,
				23E51D7E2C466B6C0099C44B /* Release */,
			);
			defaultConfigurationIsVisible = 0;
			defaultConfigurationName = Release;
		};
		23E51D7F2C466B6C0099C44B /* Build configuration list for PBXNativeTarget "FocusUp" */ = {
			isa = XCConfigurationList;
			buildConfigurations = (
				23E51D802C466B6C0099C44B /* Debug */,
				23E51D812C466B6C0099C44B /* Release */,
			);
			defaultConfigurationIsVisible = 0;
			defaultConfigurationName = Release;
		};
/* End XCConfigurationList section */
	};
	rootObject = 23E51D632C466B6B0099C44B /* Project object */;
}
